# THIS IS AN AUTOGENERATED FILE. DO NOT EDIT THIS FILE DIRECTLY.
# yarn lockfile v1


"async-limiter@~1.0.0":
  "integrity" "sha512-csOlWGAcRFJaI6m+F2WKdnMKr4HhdhFVBk0H/QbJFMCr+uO2kwohwXQPxw/9OCxp05r5ghVBFSyioixx3gfkNQ=="
  "resolved" "https://registry.npmjs.org/async-limiter/-/async-limiter-1.0.1.tgz"
  "version" "1.0.1"

"gremlin@^3.4.10":
  "integrity" "sha512-4cEkpsZ3MOYSv5tOsLcwr/PTjBzazwKuFnFgkhvmrGN8Rj+x9JfGDjxz1Qanz7pkl/CcD7CEJn9eg3M/Dk5pBA=="
  "resolved" "https://registry.npmjs.org/gremlin/-/gremlin-3.4.10.tgz"
  "version" "3.4.10"
  dependencies:
    "ws" "^6.2.1"

"ws@^6.2.1":
  "integrity" "sha512-GIyAXC2cB7LjvpgMt9EKS2ldqr0MTrORaleiOno6TweZ6r3TKtoFQWay/2PceJ3RuBasOHzXNn5Lrw1X0bEjqA=="
  "resolved" "https://registry.npmjs.org/ws/-/ws-6.2.1.tgz"
  "version" "6.2.1"
  dependencies:
    "async-limiter" "~1.0.0"
